// !$*UTF8*$!
{
	archiveVersion = 1;
	classes = {
	};
	objectVersion = 46;
	objects = {

/* Begin PBXBuildFile section */
		0C29E3701BF5298F000EED3C /* Radar.swift in Sources */ = {isa = PBXBuildFile; fileRef = 0C29E36F1BF5298F000EED3C /* Radar.swift */; };
		0C37A98A1BF55E74003ECF75 /* PlaceManager.swift in Sources */ = {isa = PBXBuildFile; fileRef = 0C37A9891BF55E74003ECF75 /* PlaceManager.swift */; };
		0C4642961C2A05E3001C12D9 /* rsz_icon.png in Resources */ = {isa = PBXBuildFile; fileRef = 0C4642951C2A05E3001C12D9 /* rsz_icon.png */; };
		0C46ADD61C28EB3500850F2E /* NaiveBayes.swift in Sources */ = {isa = PBXBuildFile; fileRef = 0C46ADD51C28EB3500850F2E /* NaiveBayes.swift */; };
		0C493E141C277670009D9B04 /* MapViewController.swift in Sources */ = {isa = PBXBuildFile; fileRef = 0C493E131C277670009D9B04 /* MapViewController.swift */; };
		0C6188861BB78BF100571EE6 /* CoreLocation.framework in Frameworks */ = {isa = PBXBuildFile; fileRef = 0C6188851BB78BF100571EE6 /* CoreLocation.framework */; };
		0C6188961BB78EFC00571EE6 /* SwifteriOS.framework in Frameworks */ = {isa = PBXBuildFile; fileRef = 0C6188911BB78EC500571EE6 /* SwifteriOS.framework */; };
		0C6188971BB78EFC00571EE6 /* SwifteriOS.framework in Embed Frameworks */ = {isa = PBXBuildFile; fileRef = 0C6188911BB78EC500571EE6 /* SwifteriOS.framework */; settings = {ATTRIBUTES = (CodeSignOnCopy, RemoveHeadersOnCopy, ); }; };
		0C61889C1BB78F4E00571EE6 /* authProvider.swift in Sources */ = {isa = PBXBuildFile; fileRef = 0C61889B1BB78F4E00571EE6 /* authProvider.swift */; };
		0C740BF21C09F3970079EC55 /* trnql.framework in Frameworks */ = {isa = PBXBuildFile; fileRef = 0C740BF11C09F3970079EC55 /* trnql.framework */; };
		0C7A29671C24777D00710722 /* ButtonTwitterNormal.png in Resources */ = {isa = PBXBuildFile; fileRef = 0C7A29661C24777D00710722 /* ButtonTwitterNormal.png */; };
		0C7A29691C2478D200710722 /* SigninViewController.swift in Sources */ = {isa = PBXBuildFile; fileRef = 0C7A29681C2478D200710722 /* SigninViewController.swift */; };
		0C7A296B1C24793D00710722 /* signinBack.jpg in Resources */ = {isa = PBXBuildFile; fileRef = 0C7A296A1C24793D00710722 /* signinBack.jpg */; };
		0C7A296D1C247CD000710722 /* background.jpg in Resources */ = {isa = PBXBuildFile; fileRef = 0C7A296C1C247CD000710722 /* background.jpg */; };
		0C7A29761C248B3000710722 /* rsz_event.png in Resources */ = {isa = PBXBuildFile; fileRef = 0C7A29751C248B3000710722 /* rsz_event.png */; };
		0C7A29781C248D8F00710722 /* rsz_places.png in Resources */ = {isa = PBXBuildFile; fileRef = 0C7A29771C248D8F00710722 /* rsz_places.png */; };
		0C7A297C1C248EC000710722 /* PlaceViewController.swift in Sources */ = {isa = PBXBuildFile; fileRef = 0C7A297B1C248EC000710722 /* PlaceViewController.swift */; };
		0C7CC98A1C28E09E006C3C2F /* TextProcessor.swift in Sources */ = {isa = PBXBuildFile; fileRef = 0C7CC9891C28E09E006C3C2F /* TextProcessor.swift */; };
		0C7F50241BB4858A009EE477 /* AppDelegate.swift in Sources */ = {isa = PBXBuildFile; fileRef = 0C7F50231BB4858A009EE477 /* AppDelegate.swift */; };
		0C7F50261BB4858A009EE477 /* ViewController.swift in Sources */ = {isa = PBXBuildFile; fileRef = 0C7F50251BB4858A009EE477 /* ViewController.swift */; };
		0C7F50291BB4858A009EE477 /* Main.storyboard in Resources */ = {isa = PBXBuildFile; fileRef = 0C7F50271BB4858A009EE477 /* Main.storyboard */; };
		0C7F502B1BB4858A009EE477 /* Images.xcassets in Resources */ = {isa = PBXBuildFile; fileRef = 0C7F502A1BB4858A009EE477 /* Images.xcassets */; };
		0C7F502E1BB4858A009EE477 /* LaunchScreen.xib in Resources */ = {isa = PBXBuildFile; fileRef = 0C7F502C1BB4858A009EE477 /* LaunchScreen.xib */; };
		0C7F503A1BB4858B009EE477 /* CommuteEventTests.swift in Sources */ = {isa = PBXBuildFile; fileRef = 0C7F50391BB4858B009EE477 /* CommuteEventTests.swift */; };
		0C7F50481BB4A72F009EE477 /* Event.swift in Sources */ = {isa = PBXBuildFile; fileRef = 0C7F50471BB4A72F009EE477 /* Event.swift */; };
		0C9298901BF65D4C00A13068 /* CandidateLocation.swift in Sources */ = {isa = PBXBuildFile; fileRef = 0C92988F1BF65D4C00A13068 /* CandidateLocation.swift */; };
		0CA946871BC6FF51000FC133 /* TweetsListener.swift in Sources */ = {isa = PBXBuildFile; fileRef = 0CA946861BC6FF51000FC133 /* TweetsListener.swift */; };
		0CB9A3E01BCF303900C7ACDA /* CoreMotion.framework in Frameworks */ = {isa = PBXBuildFile; fileRef = 0CB9A3DF1BCF303900C7ACDA /* CoreMotion.framework */; };
		0CB9A3E21BCF304900C7ACDA /* CoreTelephony.framework in Frameworks */ = {isa = PBXBuildFile; fileRef = 0CB9A3E11BCF304900C7ACDA /* CoreTelephony.framework */; };
		0CB9A3E41BCF305800C7ACDA /* SystemConfiguration.framework in Frameworks */ = {isa = PBXBuildFile; fileRef = 0CB9A3E31BCF305800C7ACDA /* SystemConfiguration.framework */; };
		48D7D03C12641E3D5A3E11E7 /* Pods.framework in Frameworks */ = {isa = PBXBuildFile; fileRef = 3D8CC3C88096ED4F6F61D820 /* Pods.framework */; };
/* End PBXBuildFile section */

/* Begin PBXContainerItemProxy section */
		0C61888E1BB78EC500571EE6 /* PBXContainerItemProxy */ = {
			isa = PBXContainerItemProxy;
			containerPortal = 0C6188871BB78EC500571EE6 /* Swifter.xcodeproj */;
			proxyType = 2;
			remoteGlobalIDString = 8B300C1F1944AA1A00993175;
			remoteInfo = SwifterDemoiOS;
		};
		0C6188901BB78EC500571EE6 /* PBXContainerItemProxy */ = {
			isa = PBXContainerItemProxy;
			containerPortal = 0C6188871BB78EC500571EE6 /* Swifter.xcodeproj */;
			proxyType = 2;
			remoteGlobalIDString = 8B9F50EE1944A5AB00894629;
			remoteInfo = SwifteriOS;
		};
		0C6188921BB78EC500571EE6 /* PBXContainerItemProxy */ = {
			isa = PBXContainerItemProxy;
			containerPortal = 0C6188871BB78EC500571EE6 /* Swifter.xcodeproj */;
			proxyType = 2;
			remoteGlobalIDString = 8B9F51131944A61D00894629;
			remoteInfo = SwifterMac;
		};
		0C6188941BB78EC500571EE6 /* PBXContainerItemProxy */ = {
			isa = PBXContainerItemProxy;
			containerPortal = 0C6188871BB78EC500571EE6 /* Swifter.xcodeproj */;
			proxyType = 2;
			remoteGlobalIDString = 8B300C471944AECB00993175;
			remoteInfo = SwifterDemoMac;
		};
		0C6188981BB78EFC00571EE6 /* PBXContainerItemProxy */ = {
			isa = PBXContainerItemProxy;
			containerPortal = 0C6188871BB78EC500571EE6 /* Swifter.xcodeproj */;
			proxyType = 1;
			remoteGlobalIDString = 8B9F50ED1944A5AB00894629;
			remoteInfo = SwifteriOS;
		};
		0C7F50341BB4858B009EE477 /* PBXContainerItemProxy */ = {
			isa = PBXContainerItemProxy;
			containerPortal = 0C7F50161BB4858A009EE477 /* Project object */;
			proxyType = 1;
			remoteGlobalIDString = 0C7F501D1BB4858A009EE477;
			remoteInfo = CommuteEvent;
		};
/* End PBXContainerItemProxy section */

/* Begin PBXCopyFilesBuildPhase section */
		0C61889A1BB78EFC00571EE6 /* Embed Frameworks */ = {
			isa = PBXCopyFilesBuildPhase;
			buildActionMask = 2147483647;
			dstPath = "";
			dstSubfolderSpec = 10;
			files = (
				0C6188971BB78EFC00571EE6 /* SwifteriOS.framework in Embed Frameworks */,
			);
			name = "Embed Frameworks";
			runOnlyForDeploymentPostprocessing = 0;
		};
		0C87F2071C07281500FF732F /* CopyFiles */ = {
			isa = PBXCopyFilesBuildPhase;
			buildActionMask = 2147483647;
			dstPath = "";
			dstSubfolderSpec = 10;
			files = (
			);
			runOnlyForDeploymentPostprocessing = 0;
		};
/* End PBXCopyFilesBuildPhase section */

/* Begin PBXFileReference section */
		0C29E36F1BF5298F000EED3C /* Radar.swift */ = {isa = PBXFileReference; fileEncoding = 4; lastKnownFileType = sourcecode.swift; path = Radar.swift; sourceTree = "<group>"; };
		0C37A9891BF55E74003ECF75 /* PlaceManager.swift */ = {isa = PBXFileReference; fileEncoding = 4; lastKnownFileType = sourcecode.swift; path = PlaceManager.swift; sourceTree = "<group>"; };
		0C4642951C2A05E3001C12D9 /* rsz_icon.png */ = {isa = PBXFileReference; lastKnownFileType = image.png; path = rsz_icon.png; sourceTree = SOURCE_ROOT; };
		0C46ADD51C28EB3500850F2E /* NaiveBayes.swift */ = {isa = PBXFileReference; fileEncoding = 4; lastKnownFileType = sourcecode.swift; path = NaiveBayes.swift; sourceTree = "<group>"; };
		0C493E131C277670009D9B04 /* MapViewController.swift */ = {isa = PBXFileReference; fileEncoding = 4; lastKnownFileType = sourcecode.swift; path = MapViewController.swift; sourceTree = "<group>"; };
		0C6188851BB78BF100571EE6 /* CoreLocation.framework */ = {isa = PBXFileReference; lastKnownFileType = wrapper.framework; name = CoreLocation.framework; path = System/Library/Frameworks/CoreLocation.framework; sourceTree = SDKROOT; };
		0C6188871BB78EC500571EE6 /* Swifter.xcodeproj */ = {isa = PBXFileReference; lastKnownFileType = "wrapper.pb-project"; name = Swifter.xcodeproj; path = "../../../Downloads/Swifter-master/Swifter.xcodeproj"; sourceTree = "<group>"; };
		0C61889B1BB78F4E00571EE6 /* authProvider.swift */ = {isa = PBXFileReference; fileEncoding = 4; lastKnownFileType = sourcecode.swift; path = authProvider.swift; sourceTree = "<group>"; };
		0C740BF11C09F3970079EC55 /* trnql.framework */ = {isa = PBXFileReference; lastKnownFileType = wrapper.framework; name = trnql.framework; path = "/Users/alfredoluco/Documents/curso xcode/CommuteEvent/trnql.framework"; sourceTree = "<absolute>"; };
		0C7A29661C24777D00710722 /* ButtonTwitterNormal.png */ = {isa = PBXFileReference; lastKnownFileType = image.png; path = ButtonTwitterNormal.png; sourceTree = SOURCE_ROOT; };
		0C7A29681C2478D200710722 /* SigninViewController.swift */ = {isa = PBXFileReference; fileEncoding = 4; lastKnownFileType = sourcecode.swift; path = SigninViewController.swift; sourceTree = "<group>"; };
		0C7A296A1C24793D00710722 /* signinBack.jpg */ = {isa = PBXFileReference; lastKnownFileType = image.jpeg; path = signinBack.jpg; sourceTree = SOURCE_ROOT; };
		0C7A296C1C247CD000710722 /* background.jpg */ = {isa = PBXFileReference; lastKnownFileType = image.jpeg; path = background.jpg; sourceTree = SOURCE_ROOT; };
		0C7A29751C248B3000710722 /* rsz_event.png */ = {isa = PBXFileReference; lastKnownFileType = image.png; name = rsz_event.png; path = ../rsz_event.png; sourceTree = "<group>"; };
		0C7A29771C248D8F00710722 /* rsz_places.png */ = {isa = PBXFileReference; lastKnownFileType = image.png; path = rsz_places.png; sourceTree = SOURCE_ROOT; };
		0C7A297B1C248EC000710722 /* PlaceViewController.swift */ = {isa = PBXFileReference; fileEncoding = 4; lastKnownFileType = sourcecode.swift; name = PlaceViewController.swift; path = ../PlaceViewController.swift; sourceTree = "<group>"; };
		0C7CC9891C28E09E006C3C2F /* TextProcessor.swift */ = {isa = PBXFileReference; fileEncoding = 4; lastKnownFileType = sourcecode.swift; path = TextProcessor.swift; sourceTree = "<group>"; };
		0C7F501E1BB4858A009EE477 /* CommuteEvent.app */ = {isa = PBXFileReference; explicitFileType = wrapper.application; includeInIndex = 0; path = CommuteEvent.app; sourceTree = BUILT_PRODUCTS_DIR; };
		0C7F50221BB4858A009EE477 /* Info.plist */ = {isa = PBXFileReference; lastKnownFileType = text.plist.xml; path = Info.plist; sourceTree = "<group>"; };
		0C7F50231BB4858A009EE477 /* AppDelegate.swift */ = {isa = PBXFileReference; lastKnownFileType = sourcecode.swift; path = AppDelegate.swift; sourceTree = "<group>"; };
		0C7F50251BB4858A009EE477 /* ViewController.swift */ = {isa = PBXFileReference; lastKnownFileType = sourcecode.swift; path = ViewController.swift; sourceTree = "<group>"; };
		0C7F50281BB4858A009EE477 /* Base */ = {isa = PBXFileReference; lastKnownFileType = file.storyboard; name = Base; path = Base.lproj/Main.storyboard; sourceTree = "<group>"; };
		0C7F502A1BB4858A009EE477 /* Images.xcassets */ = {isa = PBXFileReference; lastKnownFileType = folder.assetcatalog; path = Images.xcassets; sourceTree = "<group>"; };
		0C7F502D1BB4858A009EE477 /* Base */ = {isa = PBXFileReference; lastKnownFileType = file.xib; name = Base; path = Base.lproj/LaunchScreen.xib; sourceTree = "<group>"; };
		0C7F50331BB4858B009EE477 /* CommuteEventTests.xctest */ = {isa = PBXFileReference; explicitFileType = wrapper.cfbundle; includeInIndex = 0; path = CommuteEventTests.xctest; sourceTree = BUILT_PRODUCTS_DIR; };
		0C7F50381BB4858B009EE477 /* Info.plist */ = {isa = PBXFileReference; lastKnownFileType = text.plist.xml; path = Info.plist; sourceTree = "<group>"; };
		0C7F50391BB4858B009EE477 /* CommuteEventTests.swift */ = {isa = PBXFileReference; lastKnownFileType = sourcecode.swift; path = CommuteEventTests.swift; sourceTree = "<group>"; };
		0C7F50471BB4A72F009EE477 /* Event.swift */ = {isa = PBXFileReference; fileEncoding = 4; lastKnownFileType = sourcecode.swift; path = Event.swift; sourceTree = "<group>"; };
		0C90AC671BF5272D00769946 /* CommuteEventUITests.swift */ = {isa = PBXFileReference; lastKnownFileType = sourcecode.swift; path = CommuteEventUITests.swift; sourceTree = "<group>"; };
		0C90AC691BF5272D00769946 /* Info.plist */ = {isa = PBXFileReference; lastKnownFileType = text.plist.xml; path = Info.plist; sourceTree = "<group>"; };
		0C92988F1BF65D4C00A13068 /* CandidateLocation.swift */ = {isa = PBXFileReference; fileEncoding = 4; lastKnownFileType = sourcecode.swift; path = CandidateLocation.swift; sourceTree = "<group>"; };
		0CA946861BC6FF51000FC133 /* TweetsListener.swift */ = {isa = PBXFileReference; fileEncoding = 4; lastKnownFileType = sourcecode.swift; path = TweetsListener.swift; sourceTree = "<group>"; };
		0CB9A3DF1BCF303900C7ACDA /* CoreMotion.framework */ = {isa = PBXFileReference; lastKnownFileType = wrapper.framework; name = CoreMotion.framework; path = System/Library/Frameworks/CoreMotion.framework; sourceTree = SDKROOT; };
		0CB9A3E11BCF304900C7ACDA /* CoreTelephony.framework */ = {isa = PBXFileReference; lastKnownFileType = wrapper.framework; name = CoreTelephony.framework; path = System/Library/Frameworks/CoreTelephony.framework; sourceTree = SDKROOT; };
		0CB9A3E31BCF305800C7ACDA /* SystemConfiguration.framework */ = {isa = PBXFileReference; lastKnownFileType = wrapper.framework; name = SystemConfiguration.framework; path = System/Library/Frameworks/SystemConfiguration.framework; sourceTree = SDKROOT; };
		3D8CC3C88096ED4F6F61D820 /* Pods.framework */ = {isa = PBXFileReference; explicitFileType = wrapper.framework; includeInIndex = 0; path = Pods.framework; sourceTree = BUILT_PRODUCTS_DIR; };
		8582D31E129244599A645EAE /* Pods.debug.xcconfig */ = {isa = PBXFileReference; includeInIndex = 1; lastKnownFileType = text.xcconfig; name = Pods.debug.xcconfig; path = "Pods/Target Support Files/Pods/Pods.debug.xcconfig"; sourceTree = "<group>"; };
		E141ED2D71D7ABFD7BB20EF0 /* Pods.release.xcconfig */ = {isa = PBXFileReference; includeInIndex = 1; lastKnownFileType = text.xcconfig; name = Pods.release.xcconfig; path = "Pods/Target Support Files/Pods/Pods.release.xcconfig"; sourceTree = "<group>"; };
/* End PBXFileReference section */

/* Begin PBXFrameworksBuildPhase section */
		0C7F501B1BB4858A009EE477 /* Frameworks */ = {
			isa = PBXFrameworksBuildPhase;
			buildActionMask = 2147483647;
			files = (
				0CB9A3E41BCF305800C7ACDA /* SystemConfiguration.framework in Frameworks */,
				0C740BF21C09F3970079EC55 /* trnql.framework in Frameworks */,
				0CB9A3E21BCF304900C7ACDA /* CoreTelephony.framework in Frameworks */,
				0CB9A3E01BCF303900C7ACDA /* CoreMotion.framework in Frameworks */,
				0C6188861BB78BF100571EE6 /* CoreLocation.framework in Frameworks */,
				0C6188961BB78EFC00571EE6 /* SwifteriOS.framework in Frameworks */,
				48D7D03C12641E3D5A3E11E7 /* Pods.framework in Frameworks */,
			);
			runOnlyForDeploymentPostprocessing = 0;
		};
		0C7F50301BB4858B009EE477 /* Frameworks */ = {
			isa = PBXFrameworksBuildPhase;
			buildActionMask = 2147483647;
			files = (
			);
			runOnlyForDeploymentPostprocessing = 0;
		};
/* End PBXFrameworksBuildPhase section */

/* Begin PBXGroup section */
		0C6188881BB78EC500571EE6 /* Products */ = {
			isa = PBXGroup;
			children = (
				0C61888F1BB78EC500571EE6 /* SwifterDemoiOS.app */,
				0C6188911BB78EC500571EE6 /* SwifteriOS.framework */,
				0C6188931BB78EC500571EE6 /* SwifterMac.framework */,
				0C6188951BB78EC500571EE6 /* SwifterDemoMac.app */,
			);
			name = Products;
			sourceTree = "<group>";
		};
		0C7F50151BB4858A009EE477 = {
			isa = PBXGroup;
			children = (
				0CB9A3E31BCF305800C7ACDA /* SystemConfiguration.framework */,
				0CB9A3E11BCF304900C7ACDA /* CoreTelephony.framework */,
				0CB9A3DF1BCF303900C7ACDA /* CoreMotion.framework */,
				0C6188871BB78EC500571EE6 /* Swifter.xcodeproj */,
				0C6188851BB78BF100571EE6 /* CoreLocation.framework */,
				0C7F50201BB4858A009EE477 /* CommuteEvent */,
				0C7F50361BB4858B009EE477 /* CommuteEventTests */,
				0C90AC661BF5272D00769946 /* CommuteEventUITests */,
				0C7F501F1BB4858A009EE477 /* Products */,
				AF88BD59264378C1B5BE0D1D /* Pods */,
				9C1B939FC7A5B8F389348A28 /* Frameworks */,
			);
			sourceTree = "<group>";
		};
		0C7F501F1BB4858A009EE477 /* Products */ = {
			isa = PBXGroup;
			children = (
				0C7F501E1BB4858A009EE477 /* CommuteEvent.app */,
				0C7F50331BB4858B009EE477 /* CommuteEventTests.xctest */,
			);
			name = Products;
			sourceTree = "<group>";
		};
		0C7F50201BB4858A009EE477 /* CommuteEvent */ = {
			isa = PBXGroup;
			children = (
				0C7F50231BB4858A009EE477 /* AppDelegate.swift */,
				0C61889B1BB78F4E00571EE6 /* authProvider.swift */,
				0C7CC9891C28E09E006C3C2F /* TextProcessor.swift */,
				0C46ADD51C28EB3500850F2E /* NaiveBayes.swift */,
				0C7F50471BB4A72F009EE477 /* Event.swift */,
				0C37A9891BF55E74003ECF75 /* PlaceManager.swift */,
				0C7F50251BB4858A009EE477 /* ViewController.swift */,
				0C7A297B1C248EC000710722 /* PlaceViewController.swift */,
				0C29E36F1BF5298F000EED3C /* Radar.swift */,
				0C92988F1BF65D4C00A13068 /* CandidateLocation.swift */,
				0CA946861BC6FF51000FC133 /* TweetsListener.swift */,
				0C7A29681C2478D200710722 /* SigninViewController.swift */,
				0C493E131C277670009D9B04 /* MapViewController.swift */,
				0C7F50271BB4858A009EE477 /* Main.storyboard */,
				0C7F502A1BB4858A009EE477 /* Images.xcassets */,
				0C7F502C1BB4858A009EE477 /* LaunchScreen.xib */,
				0C7F50211BB4858A009EE477 /* Supporting Files */,
			);
			path = CommuteEvent;
			sourceTree = "<group>";
		};
		0C7F50211BB4858A009EE477 /* Supporting Files */ = {
			isa = PBXGroup;
			children = (
				0C4642951C2A05E3001C12D9 /* rsz_icon.png */,
				0C7A29771C248D8F00710722 /* rsz_places.png */,
				0C7A29751C248B3000710722 /* rsz_event.png */,
				0C7A296C1C247CD000710722 /* background.jpg */,
				0C7A296A1C24793D00710722 /* signinBack.jpg */,
				0C7A29661C24777D00710722 /* ButtonTwitterNormal.png */,
				0C7F50221BB4858A009EE477 /* Info.plist */,
			);
			name = "Supporting Files";
			sourceTree = "<group>";
		};
		0C7F50361BB4858B009EE477 /* CommuteEventTests */ = {
			isa = PBXGroup;
			children = (
				0C7F50391BB4858B009EE477 /* CommuteEventTests.swift */,
				0C7F50371BB4858B009EE477 /* Supporting Files */,
			);
			path = CommuteEventTests;
			sourceTree = "<group>";
		};
		0C7F50371BB4858B009EE477 /* Supporting Files */ = {
			isa = PBXGroup;
			children = (
				0C7F50381BB4858B009EE477 /* Info.plist */,
			);
			name = "Supporting Files";
			sourceTree = "<group>";
		};
		0C90AC661BF5272D00769946 /* CommuteEventUITests */ = {
			isa = PBXGroup;
			children = (
				0C90AC671BF5272D00769946 /* CommuteEventUITests.swift */,
				0C90AC691BF5272D00769946 /* Info.plist */,
			);
			path = CommuteEventUITests;
			sourceTree = "<group>";
		};
		9C1B939FC7A5B8F389348A28 /* Frameworks */ = {
			isa = PBXGroup;
			children = (
				3D8CC3C88096ED4F6F61D820 /* Pods.framework */,
			);
			name = Frameworks;
			sourceTree = "<group>";
		};
		AF88BD59264378C1B5BE0D1D /* Pods */ = {
			isa = PBXGroup;
			children = (
				8582D31E129244599A645EAE /* Pods.debug.xcconfig */,
				E141ED2D71D7ABFD7BB20EF0 /* Pods.release.xcconfig */,
			);
			name = Pods;
			sourceTree = "<group>";
		};
/* End PBXGroup section */

/* Begin PBXNativeTarget section */
		0C7F501D1BB4858A009EE477 /* CommuteEvent */ = {
			isa = PBXNativeTarget;
			buildConfigurationList = 0C7F503D1BB4858B009EE477 /* Build configuration list for PBXNativeTarget "CommuteEvent" */;
			buildPhases = (
				EAB60E015C537AA61AF46A71 /* Check Pods Manifest.lock */,
				0C7F501A1BB4858A009EE477 /* Sources */,
				0C7F501C1BB4858A009EE477 /* Resources */,
				3C65345183161082D715D3E3 /* Embed Pods Frameworks */,
				0C61889A1BB78EFC00571EE6 /* Embed Frameworks */,
				0C87F2071C07281500FF732F /* CopyFiles */,
				379A983D8E56121C026BBAC3 /* Copy Pods Resources */,
				0C7F501B1BB4858A009EE477 /* Frameworks */,
			);
			buildRules = (
			);
			dependencies = (
				0C6188991BB78EFC00571EE6 /* PBXTargetDependency */,
			);
			name = CommuteEvent;
			productName = CommuteEvent;
			productReference = 0C7F501E1BB4858A009EE477 /* CommuteEvent.app */;
			productType = "com.apple.product-type.application";
		};
		0C7F50321BB4858B009EE477 /* CommuteEventTests */ = {
			isa = PBXNativeTarget;
			buildConfigurationList = 0C7F50401BB4858B009EE477 /* Build configuration list for PBXNativeTarget "CommuteEventTests" */;
			buildPhases = (
				0C7F502F1BB4858B009EE477 /* Sources */,
				0C7F50301BB4858B009EE477 /* Frameworks */,
				0C7F50311BB4858B009EE477 /* Resources */,
			);
			buildRules = (
			);
			dependencies = (
				0C7F50351BB4858B009EE477 /* PBXTargetDependency */,
			);
			name = CommuteEventTests;
			productName = CommuteEventTests;
			productReference = 0C7F50331BB4858B009EE477 /* CommuteEventTests.xctest */;
			productType = "com.apple.product-type.bundle.unit-test";
		};
/* End PBXNativeTarget section */

/* Begin PBXProject section */
		0C7F50161BB4858A009EE477 /* Project object */ = {
			isa = PBXProject;
			attributes = {
				LastSwiftMigration = 0710;
				LastSwiftUpdateCheck = 0710;
				LastUpgradeCheck = 0630;
				ORGANIZATIONNAME = "Alfredo Luco";
				TargetAttributes = {
					0C7F501D1BB4858A009EE477 = {
						CreatedOnToolsVersion = 6.3.1;
						DevelopmentTeam = J8PM7K467L;
						SystemCapabilities = {
							com.apple.BackgroundModes = {
								enabled = 1;
							};
						};
					};
					0C7F50321BB4858B009EE477 = {
						CreatedOnToolsVersion = 6.3.1;
						TestTargetID = 0C7F501D1BB4858A009EE477;
					};
				};
			};
			buildConfigurationList = 0C7F50191BB4858A009EE477 /* Build configuration list for PBXProject "CommuteEvent" */;
			compatibilityVersion = "Xcode 3.2";
			developmentRegion = English;
			hasScannedForEncodings = 0;
			knownRegions = (
				en,
				Base,
			);
			mainGroup = 0C7F50151BB4858A009EE477;
			productRefGroup = 0C7F501F1BB4858A009EE477 /* Products */;
			projectDirPath = "";
			projectReferences = (
				{
					ProductGroup = 0C6188881BB78EC500571EE6 /* Products */;
					ProjectRef = 0C6188871BB78EC500571EE6 /* Swifter.xcodeproj */;
				},
			);
			projectRoot = "";
			targets = (
				0C7F501D1BB4858A009EE477 /* CommuteEvent */,
				0C7F50321BB4858B009EE477 /* CommuteEventTests */,
			);
		};
/* End PBXProject section */

/* Begin PBXReferenceProxy section */
		0C61888F1BB78EC500571EE6 /* SwifterDemoiOS.app */ = {
			isa = PBXReferenceProxy;
			fileType = wrapper.application;
			path = SwifterDemoiOS.app;
			remoteRef = 0C61888E1BB78EC500571EE6 /* PBXContainerItemProxy */;
			sourceTree = BUILT_PRODUCTS_DIR;
		};
		0C6188911BB78EC500571EE6 /* SwifteriOS.framework */ = {
			isa = PBXReferenceProxy;
			fileType = wrapper.framework;
			path = SwifteriOS.framework;
			remoteRef = 0C6188901BB78EC500571EE6 /* PBXContainerItemProxy */;
			sourceTree = BUILT_PRODUCTS_DIR;
		};
		0C6188931BB78EC500571EE6 /* SwifterMac.framework */ = {
			isa = PBXReferenceProxy;
			fileType = wrapper.framework;
			path = SwifterMac.framework;
			remoteRef = 0C6188921BB78EC500571EE6 /* PBXContainerItemProxy */;
			sourceTree = BUILT_PRODUCTS_DIR;
		};
		0C6188951BB78EC500571EE6 /* SwifterDemoMac.app */ = {
			isa = PBXReferenceProxy;
			fileType = wrapper.application;
			path = SwifterDemoMac.app;
			remoteRef = 0C6188941BB78EC500571EE6 /* PBXContainerItemProxy */;
			sourceTree = BUILT_PRODUCTS_DIR;
		};
/* End PBXReferenceProxy section */

/* Begin PBXResourcesBuildPhase section */
		0C7F501C1BB4858A009EE477 /* Resources */ = {
			isa = PBXResourcesBuildPhase;
			buildActionMask = 2147483647;
			files = (
				0C7F50291BB4858A009EE477 /* Main.storyboard in Resources */,
				0C4642961C2A05E3001C12D9 /* rsz_icon.png in Resources */,
				0C7A29781C248D8F00710722 /* rsz_places.png in Resources */,
				0C7F502E1BB4858A009EE477 /* LaunchScreen.xib in Resources */,
				0C7A296B1C24793D00710722 /* signinBack.jpg in Resources */,
				0C7A296D1C247CD000710722 /* background.jpg in Resources */,
				0C7A29671C24777D00710722 /* ButtonTwitterNormal.png in Resources */,
				0C7A29761C248B3000710722 /* rsz_event.png in Resources */,
				0C7F502B1BB4858A009EE477 /* Images.xcassets in Resources */,
			);
			runOnlyForDeploymentPostprocessing = 0;
		};
		0C7F50311BB4858B009EE477 /* Resources */ = {
			isa = PBXResourcesBuildPhase;
			buildActionMask = 2147483647;
			files = (
			);
			runOnlyForDeploymentPostprocessing = 0;
		};
/* End PBXResourcesBuildPhase section */

/* Begin PBXShellScriptBuildPhase section */
		379A983D8E56121C026BBAC3 /* Copy Pods Resources */ = {
			isa = PBXShellScriptBuildPhase;
			buildActionMask = 2147483647;
			files = (
			);
			inputPaths = (
			);
			name = "Copy Pods Resources";
			outputPaths = (
			);
			runOnlyForDeploymentPostprocessing = 0;
			shellPath = /bin/sh;
			shellScript = "\"${SRCROOT}/Pods/Target Support Files/Pods/Pods-resources.sh\"\n";
			showEnvVarsInLog = 0;
		};
		3C65345183161082D715D3E3 /* Embed Pods Frameworks */ = {
			isa = PBXShellScriptBuildPhase;
			buildActionMask = 2147483647;
			files = (
			);
			inputPaths = (
			);
			name = "Embed Pods Frameworks";
			outputPaths = (
			);
			runOnlyForDeploymentPostprocessing = 0;
			shellPath = /bin/sh;
			shellScript = "\"${SRCROOT}/Pods/Target Support Files/Pods/Pods-frameworks.sh\"\n";
			showEnvVarsInLog = 0;
		};
		EAB60E015C537AA61AF46A71 /* Check Pods Manifest.lock */ = {
			isa = PBXShellScriptBuildPhase;
			buildActionMask = 2147483647;
			files = (
			);
			inputPaths = (
			);
			name = "Check Pods Manifest.lock";
			outputPaths = (
			);
			runOnlyForDeploymentPostprocessing = 0;
			shellPath = /bin/sh;
			shellScript = "diff \"${PODS_ROOT}/../Podfile.lock\" \"${PODS_ROOT}/Manifest.lock\" > /dev/null\nif [[ $? != 0 ]] ; then\n    cat << EOM\nerror: The sandbox is not in sync with the Podfile.lock. Run 'pod install' or update your CocoaPods installation.\nEOM\n    exit 1\nfi\n";
			showEnvVarsInLog = 0;
		};
/* End PBXShellScriptBuildPhase section */

/* Begin PBXSourcesBuildPhase section */
		0C7F501A1BB4858A009EE477 /* Sources */ = {
			isa = PBXSourcesBuildPhase;
			buildActionMask = 2147483647;
			files = (
				0C493E141C277670009D9B04 /* MapViewController.swift in Sources */,
				0C9298901BF65D4C00A13068 /* CandidateLocation.swift in Sources */,
				0C7F50261BB4858A009EE477 /* ViewController.swift in Sources */,
				0CA946871BC6FF51000FC133 /* TweetsListener.swift in Sources */,
				0C29E3701BF5298F000EED3C /* Radar.swift in Sources */,
				0C7F50241BB4858A009EE477 /* AppDelegate.swift in Sources */,
				0C7F50481BB4A72F009EE477 /* Event.swift in Sources */,
				0C46ADD61C28EB3500850F2E /* NaiveBayes.swift in Sources */,
				0C37A98A1BF55E74003ECF75 /* PlaceManager.swift in Sources */,
				0C61889C1BB78F4E00571EE6 /* authProvider.swift in Sources */,
				0C7A297C1C248EC000710722 /* PlaceViewController.swift in Sources */,
				0C7A29691C2478D200710722 /* SigninViewController.swift in Sources */,
				0C7CC98A1C28E09E006C3C2F /* TextProcessor.swift in Sources */,
			);
			runOnlyForDeploymentPostprocessing = 0;
		};
		0C7F502F1BB4858B009EE477 /* Sources */ = {
			isa = PBXSourcesBuildPhase;
			buildActionMask = 2147483647;
			files = (
				0C7F503A1BB4858B009EE477 /* CommuteEventTests.swift in Sources */,
			);
			runOnlyForDeploymentPostprocessing = 0;
		};
/* End PBXSourcesBuildPhase section */

/* Begin PBXTargetDependency section */
		0C6188991BB78EFC00571EE6 /* PBXTargetDependency */ = {
			isa = PBXTargetDependency;
			name = SwifteriOS;
			targetProxy = 0C6188981BB78EFC00571EE6 /* PBXContainerItemProxy */;
		};
		0C7F50351BB4858B009EE477 /* PBXTargetDependency */ = {
			isa = PBXTargetDependency;
			target = 0C7F501D1BB4858A009EE477 /* CommuteEvent */;
			targetProxy = 0C7F50341BB4858B009EE477 /* PBXContainerItemProxy */;
		};
/* End PBXTargetDependency section */

/* Begin PBXVariantGroup section */
		0C7F50271BB4858A009EE477 /* Main.storyboard */ = {
			isa = PBXVariantGroup;
			children = (
				0C7F50281BB4858A009EE477 /* Base */,
			);
			name = Main.storyboard;
			sourceTree = "<group>";
		};
		0C7F502C1BB4858A009EE477 /* LaunchScreen.xib */ = {
			isa = PBXVariantGroup;
			children = (
				0C7F502D1BB4858A009EE477 /* Base */,
			);
			name = LaunchScreen.xib;
			sourceTree = "<group>";
		};
/* End PBXVariantGroup section */

/* Begin XCBuildConfiguration section */
		0C7F503B1BB4858B009EE477 /* Debug */ = {
			isa = XCBuildConfiguration;
			buildSettings = {
				ALWAYS_SEARCH_USER_PATHS = NO;
				CLANG_CXX_LANGUAGE_STANDARD = "gnu++0x";
				CLANG_CXX_LIBRARY = "libc++";
				CLANG_ENABLE_MODULES = YES;
				CLANG_ENABLE_OBJC_ARC = YES;
				CLANG_WARN_BOOL_CONVERSION = YES;
				CLANG_WARN_CONSTANT_CONVERSION = YES;
				CLANG_WARN_DIRECT_OBJC_ISA_USAGE = YES_ERROR;
				CLANG_WARN_EMPTY_BODY = YES;
				CLANG_WARN_ENUM_CONVERSION = YES;
				CLANG_WARN_INT_CONVERSION = YES;
				CLANG_WARN_OBJC_ROOT_CLASS = YES_ERROR;
				CLANG_WARN_UNREACHABLE_CODE = YES;
				CLANG_WARN__DUPLICATE_METHOD_MATCH = YES;
				"CODE_SIGN_IDENTITY[sdk=iphoneos*]" = "iPhone Developer";
				COPY_PHASE_STRIP = NO;
				DEBUG_INFORMATION_FORMAT = "dwarf-with-dsym";
				ENABLE_BITCODE = NO;
				ENABLE_STRICT_OBJC_MSGSEND = YES;
				GCC_C_LANGUAGE_STANDARD = gnu99;
				GCC_DYNAMIC_NO_PIC = NO;
				GCC_NO_COMMON_BLOCKS = YES;
				GCC_OPTIMIZATION_LEVEL = 0;
				GCC_PREPROCESSOR_DEFINITIONS = (
					"DEBUG=1",
					"$(inherited)",
				);
				GCC_SYMBOLS_PRIVATE_EXTERN = NO;
				GCC_WARN_64_TO_32_BIT_CONVERSION = YES;
				GCC_WARN_ABOUT_RETURN_TYPE = YES_ERROR;
				GCC_WARN_UNDECLARED_SELECTOR = YES;
				GCC_WARN_UNINITIALIZED_AUTOS = YES_AGGRESSIVE;
				GCC_WARN_UNUSED_FUNCTION = YES;
				GCC_WARN_UNUSED_VARIABLE = YES;
				IPHONEOS_DEPLOYMENT_TARGET = 8.3;
				MTL_ENABLE_DEBUG_INFO = YES;
				ONLY_ACTIVE_ARCH = YES;
				SDKROOT = iphoneos;
				SWIFT_INCLUDE_PATHS = "";
				SWIFT_OPTIMIZATION_LEVEL = "-Onone";
				TARGETED_DEVICE_FAMILY = "1,2";
			};
			name = Debug;
		};
		0C7F503C1BB4858B009EE477 /* Release */ = {
			isa = XCBuildConfiguration;
			buildSettings = {
				ALWAYS_SEARCH_USER_PATHS = NO;
				CLANG_CXX_LANGUAGE_STANDARD = "gnu++0x";
				CLANG_CXX_LIBRARY = "libc++";
				CLANG_ENABLE_MODULES = YES;
				CLANG_ENABLE_OBJC_ARC = YES;
				CLANG_WARN_BOOL_CONVERSION = YES;
				CLANG_WARN_CONSTANT_CONVERSION = YES;
				CLANG_WARN_DIRECT_OBJC_ISA_USAGE = YES_ERROR;
				CLANG_WARN_EMPTY_BODY = YES;
				CLANG_WARN_ENUM_CONVERSION = YES;
				CLANG_WARN_INT_CONVERSION = YES;
				CLANG_WARN_OBJC_ROOT_CLASS = YES_ERROR;
				CLANG_WARN_UNREACHABLE_CODE = YES;
				CLANG_WARN__DUPLICATE_METHOD_MATCH = YES;
				"CODE_SIGN_IDENTITY[sdk=iphoneos*]" = "iPhone Developer";
				COPY_PHASE_STRIP = NO;
				DEBUG_INFORMATION_FORMAT = "dwarf-with-dsym";
				ENABLE_BITCODE = NO;
				ENABLE_NS_ASSERTIONS = NO;
				ENABLE_STRICT_OBJC_MSGSEND = YES;
				GCC_C_LANGUAGE_STANDARD = gnu99;
				GCC_NO_COMMON_BLOCKS = YES;
				GCC_WARN_64_TO_32_BIT_CONVERSION = YES;
				GCC_WARN_ABOUT_RETURN_TYPE = YES_ERROR;
				GCC_WARN_UNDECLARED_SELECTOR = YES;
				GCC_WARN_UNINITIALIZED_AUTOS = YES_AGGRESSIVE;
				GCC_WARN_UNUSED_FUNCTION = YES;
				GCC_WARN_UNUSED_VARIABLE = YES;
				IPHONEOS_DEPLOYMENT_TARGET = 8.3;
				MTL_ENABLE_DEBUG_INFO = NO;
				SDKROOT = iphoneos;
				SWIFT_INCLUDE_PATHS = "";
				TARGETED_DEVICE_FAMILY = "1,2";
				VALIDATE_PRODUCT = YES;
			};
			name = Release;
		};
		0C7F503E1BB4858B009EE477 /* Debug */ = {
			isa = XCBuildConfiguration;
			baseConfigurationReference = 8582D31E129244599A645EAE /* Pods.debug.xcconfig */;
			buildSettings = {
				ASSETCATALOG_COMPILER_APPICON_NAME = AppIcon;
				CODE_SIGN_IDENTITY = "iPhone Developer";
				"CODE_SIGN_IDENTITY[sdk=iphoneos*]" = "iPhone Developer";
				EMBEDDED_CONTENT_CONTAINS_SWIFT = YES;
				ENABLE_BITCODE = NO;
				FRAMEWORK_SEARCH_PATHS = (
					"$(inherited)",
					"$(PROJECT_DIR)",
				);
				INFOPLIST_FILE = CommuteEvent/Info.plist;
				LD_RUNPATH_SEARCH_PATHS = "$(inherited) @executable_path/Frameworks";
				ONLY_ACTIVE_ARCH = YES;
				OTHER_LDFLAGS = (
					"-ObjC",
					"-v",
				);
				PRODUCT_NAME = "$(TARGET_NAME)";
				PROVISIONING_PROFILE = "";
				SWIFT_INCLUDE_PATHS = "";
				SWIFT_OBJC_BRIDGING_HEADER = "/Users/alfredoluco/Documents/curso xcode/CommuteEvent/CommuteEvent/CommuteEvent-Bridging-Header.h";
				VALID_ARCHS = "armv7 armv7s arm64";
			};
			name = Debug;
		};
		0C7F503F1BB4858B009EE477 /* Release */ = {
			isa = XCBuildConfiguration;
			baseConfigurationReference = E141ED2D71D7ABFD7BB20EF0 /* Pods.release.xcconfig */;
			buildSettings = {
				ASSETCATALOG_COMPILER_APPICON_NAME = AppIcon;
				CODE_SIGN_IDENTITY = "iPhone Developer";
				"CODE_SIGN_IDENTITY[sdk=iphoneos*]" = "iPhone Developer";
				EMBEDDED_CONTENT_CONTAINS_SWIFT = YES;
				ENABLE_BITCODE = NO;
				FRAMEWORK_SEARCH_PATHS = (
					"$(inherited)",
					"$(PROJECT_DIR)",
				);
				INFOPLIST_FILE = CommuteEvent/Info.plist;
				LD_RUNPATH_SEARCH_PATHS = "$(inherited) @executable_path/Frameworks";
				ONLY_ACTIVE_ARCH = NO;
				OTHER_LDFLAGS = (
					"-ObjC",
					"-v",
				);
				PRODUCT_NAME = "$(TARGET_NAME)";
				PROVISIONING_PROFILE = "";
				SWIFT_INCLUDE_PATHS = "";
				SWIFT_OBJC_BRIDGING_HEADER = "/Users/alfredoluco/Documents/curso xcode/CommuteEvent/CommuteEvent/CommuteEvent-Bridging-Header.h";
				VALID_ARCHS = "armv7 armv7s arm64";
			};
			name = Release;
		};
		0C7F50411BB4858B009EE477 /* Debug */ = {
			isa = XCBuildConfiguration;
			buildSettings = {
				BUNDLE_LOADER = "$(TEST_HOST)";
				FRAMEWORK_SEARCH_PATHS = (
					"$(SDKROOT)/Developer/Library/Frameworks",
					"$(inherited)",
				);
				GCC_PREPROCESSOR_DEFINITIONS = (
					"DEBUG=1",
					"$(inherited)",
				);
				INFOPLIST_FILE = CommuteEventTests/Info.plist;
				LD_RUNPATH_SEARCH_PATHS = "$(inherited) @executable_path/Frameworks @loader_path/Frameworks";
				PRODUCT_NAME = "$(TARGET_NAME)";
				TEST_HOST = "$(BUILT_PRODUCTS_DIR)/CommuteEvent.app/CommuteEvent";
			};
			name = Debug;
		};
		0C7F50421BB4858B009EE477 /* Release */ = {
			isa = XCBuildConfiguration;
			buildSettings = {
				BUNDLE_LOADER = "$(TEST_HOST)";
				FRAMEWORK_SEARCH_PATHS = (
					"$(SDKROOT)/Developer/Library/Frameworks",
					"$(inherited)",
				);
				INFOPLIST_FILE = CommuteEventTests/Info.plist;
				LD_RUNPATH_SEARCH_PATHS = "$(inherited) @executable_path/Frameworks @loader_path/Frameworks";
				PRODUCT_NAME = "$(TARGET_NAME)";
				TEST_HOST = "$(BUILT_PRODUCTS_DIR)/CommuteEvent.app/CommuteEvent";
			};
			name = Release;
		};
/* End XCBuildConfiguration section */

/* Begin XCConfigurationList section */
		0C7F50191BB4858A009EE477 /* Build configuration list for PBXProject "CommuteEvent" */ = {
			isa = XCConfigurationList;
			buildConfigurations = (
				0C7F503B1BB4858B009EE477 /* Debug */,
				0C7F503C1BB4858B009EE477 /* Release */,
			);
			defaultConfigurationIsVisible = 0;
			defaultConfigurationName = Release;
		};
		0C7F503D1BB4858B009EE477 /* Build configuration list for PBXNativeTarget "CommuteEvent" */ = {
			isa = XCConfigurationList;
			buildConfigurations = (
				0C7F503E1BB4858B009EE477 /* Debug */,
				0C7F503F1BB4858B009EE477 /* Release */,
			);
			defaultConfigurationIsVisible = 0;
			defaultConfigurationName = Release;
		};
		0C7F50401BB4858B009EE477 /* Build configuration list for PBXNativeTarget "CommuteEventTests" */ = {
			isa = XCConfigurationList;
			buildConfigurations = (
				0C7F50411BB4858B009EE477 /* Debug */,
				0C7F50421BB4858B009EE477 /* Release */,
			);
			defaultConfigurationIsVisible = 0;
			defaultConfigurationName = Release;
		};
/* End XCConfigurationList section */
	};
	rootObject = 0C7F50161BB4858A009EE477 /* Project object */;
}
