// !$*UTF8*$!
{
	archiveVersion = 1;
	classes = {
	};
	objectVersion = 46;
	objects = {

/* Begin PBXBuildFile section */
		0C7F50241BB4858A009EE477 /* AppDelegate.swift in Sources */ = {isa = PBXBuildFile; fileRef = 0C7F50231BB4858A009EE477 /* AppDelegate.swift */; };
		0C7F50261BB4858A009EE477 /* ViewController.swift in Sources */ = {isa = PBXBuildFile; fileRef = 0C7F50251BB4858A009EE477 /* ViewController.swift */; };
		0C7F50291BB4858A009EE477 /* Main.storyboard in Resources */ = {isa = PBXBuildFile; fileRef = 0C7F50271BB4858A009EE477 /* Main.storyboard */; };
		0C7F502B1BB4858A009EE477 /* Images.xcassets in Resources */ = {isa = PBXBuildFile; fileRef = 0C7F502A1BB4858A009EE477 /* Images.xcassets */; };
		0C7F502E1BB4858A009EE477 /* LaunchScreen.xib in Resources */ = {isa = PBXBuildFile; fileRef = 0C7F502C1BB4858A009EE477 /* LaunchScreen.xib */; };
		0C7F503A1BB4858B009EE477 /* CommuteEventTests.swift in Sources */ = {isa = PBXBuildFile; fileRef = 0C7F50391BB4858B009EE477 /* CommuteEventTests.swift */; };
		0C7F50441BB48688009EE477 /* Usuario.swift in Sources */ = {isa = PBXBuildFile; fileRef = 0C7F50431BB48688009EE477 /* Usuario.swift */; };
/* End PBXBuildFile section */

/* Begin PBXContainerItemProxy section */
		0C7F50341BB4858B009EE477 /* PBXContainerItemProxy */ = {
			isa = PBXContainerItemProxy;
			containerPortal = 0C7F50161BB4858A009EE477 /* Project object */;
			proxyType = 1;
			remoteGlobalIDString = 0C7F501D1BB4858A009EE477;
			remoteInfo = CommuteEvent;
		};
/* End PBXContainerItemProxy section */

/* Begin PBXFileReference section */
		0C7F501E1BB4858A009EE477 /* CommuteEvent.app */ = {isa = PBXFileReference; explicitFileType = wrapper.application; includeInIndex = 0; path = CommuteEvent.app; sourceTree = BUILT_PRODUCTS_DIR; };
		0C7F50221BB4858A009EE477 /* Info.plist */ = {isa = PBXFileReference; lastKnownFileType = text.plist.xml; path = Info.plist; sourceTree = "<group>"; };
		0C7F50231BB4858A009EE477 /* AppDelegate.swift */ = {isa = PBXFileReference; lastKnownFileType = sourcecode.swift; path = AppDelegate.swift; sourceTree = "<group>"; };
		0C7F50251BB4858A009EE477 /* ViewController.swift */ = {isa = PBXFileReference; lastKnownFileType = sourcecode.swift; path = ViewController.swift; sourceTree = "<group>"; };
		0C7F50281BB4858A009EE477 /* Base */ = {isa = PBXFileReference; lastKnownFileType = file.storyboard; name = Base; path = Base.lproj/Main.storyboard; sourceTree = "<group>"; };
		0C7F502A1BB4858A009EE477 /* Images.xcassets */ = {isa = PBXFileReference; lastKnownFileType = folder.assetcatalog; path = Images.xcassets; sourceTree = "<group>"; };
		0C7F502D1BB4858A009EE477 /* Base */ = {isa = PBXFileReference; lastKnownFileType = file.xib; name = Base; path = Base.lproj/LaunchScreen.xib; sourceTree = "<group>"; };
		0C7F50331BB4858B009EE477 /* CommuteEventTests.xctest */ = {isa = PBXFileReference; explicitFileType = wrapper.cfbundle; includeInIndex = 0; path = CommuteEventTests.xctest; sourceTree = BUILT_PRODUCTS_DIR; };
		0C7F50381BB4858B009EE477 /* Info.plist */ = {isa = PBXFileReference; lastKnownFileType = text.plist.xml; path = Info.plist; sourceTree = "<group>"; };
		0C7F50391BB4858B009EE477 /* CommuteEventTests.swift */ = {isa = PBXFileReference; lastKnownFileType = sourcecode.swift; path = CommuteEventTests.swift; sourceTree = "<group>"; };
		0C7F50431BB48688009EE477 /* Usuario.swift */ = {isa = PBXFileReference; fileEncoding = 4; lastKnownFileType = sourcecode.swift; path = Usuario.swift; sourceTree = "<group>"; };
/* End PBXFileReference section */

/* Begin PBXFrameworksBuildPhase section */
		0C7F501B1BB4858A009EE477 /* Frameworks */ = {
			isa = PBXFrameworksBuildPhase;
			buildActionMask = 2147483647;
			files = (
			);
			runOnlyForDeploymentPostprocessing = 0;
		};
		0C7F50301BB4858B009EE477 /* Frameworks */ = {
			isa = PBXFrameworksBuildPhase;
			buildActionMask = 2147483647;
			files = (
			);
			runOnlyForDeploymentPostprocessing = 0;
		};
/* End PBXFrameworksBuildPhase section */

/* Begin PBXGroup section */
		0C7F50151BB4858A009EE477 = {
			isa = PBXGroup;
			children = (
				0C7F50201BB4858A009EE477 /* CommuteEvent */,
				0C7F50361BB4858B009EE477 /* CommuteEventTests */,
				0C7F501F1BB4858A009EE477 /* Products */,
			);
			sourceTree = "<group>";
		};
		0C7F501F1BB4858A009EE477 /* Products */ = {
			isa = PBXGroup;
			children = (
				0C7F501E1BB4858A009EE477 /* CommuteEvent.app */,
				0C7F50331BB4858B009EE477 /* CommuteEventTests.xctest */,
			);
			name = Products;
			sourceTree = "<group>";
		};
		0C7F50201BB4858A009EE477 /* CommuteEvent */ = {
			isa = PBXGroup;
			children = (
				0C7F50231BB4858A009EE477 /* AppDelegate.swift */,
				0C7F50251BB4858A009EE477 /* ViewController.swift */,
				0C7F50271BB4858A009EE477 /* Main.storyboard */,
				0C7F502A1BB4858A009EE477 /* Images.xcassets */,
				0C7F502C1BB4858A009EE477 /* LaunchScreen.xib */,
				0C7F50211BB4858A009EE477 /* Supporting Files */,
				0C7F50431BB48688009EE477 /* Usuario.swift */,
			);
			path = CommuteEvent;
			sourceTree = "<group>";
		};
		0C7F50211BB4858A009EE477 /* Supporting Files */ = {
			isa = PBXGroup;
			children = (
				0C7F50221BB4858A009EE477 /* Info.plist */,
			);
			name = "Supporting Files";
			sourceTree = "<group>";
		};
		0C7F50361BB4858B009EE477 /* CommuteEventTests */ = {
			isa = PBXGroup;
			children = (
				0C7F50391BB4858B009EE477 /* CommuteEventTests.swift */,
				0C7F50371BB4858B009EE477 /* Supporting Files */,
			);
			path = CommuteEventTests;
			sourceTree = "<group>";
		};
		0C7F50371BB4858B009EE477 /* Supporting Files */ = {
			isa = PBXGroup;
			children = (
				0C7F50381BB4858B009EE477 /* Info.plist */,
			);
			name = "Supporting Files";
			sourceTree = "<group>";
		};
/* End PBXGroup section */

/* Begin PBXNativeTarget section */
		0C7F501D1BB4858A009EE477 /* CommuteEvent */ = {
			isa = PBXNativeTarget;
			buildConfigurationList = 0C7F503D1BB4858B009EE477 /* Build configuration list for PBXNativeTarget "CommuteEvent" */;
			buildPhases = (
				0C7F501A1BB4858A009EE477 /* Sources */,
				0C7F501B1BB4858A009EE477 /* Frameworks */,
				0C7F501C1BB4858A009EE477 /* Resources */,
			);
			buildRules = (
			);
			dependencies = (
			);
			name = CommuteEvent;
			productName = CommuteEvent;
			productReference = 0C7F501E1BB4858A009EE477 /* CommuteEvent.app */;
			productType = "com.apple.product-type.application";
		};
		0C7F50321BB4858B009EE477 /* CommuteEventTests */ = {
			isa = PBXNativeTarget;
			buildConfigurationList = 0C7F50401BB4858B009EE477 /* Build configuration list for PBXNativeTarget "CommuteEventTests" */;
			buildPhases = (
				0C7F502F1BB4858B009EE477 /* Sources */,
				0C7F50301BB4858B009EE477 /* Frameworks */,
				0C7F50311BB4858B009EE477 /* Resources */,
			);
			buildRules = (
			);
			dependencies = (
				0C7F50351BB4858B009EE477 /* PBXTargetDependency */,
			);
			name = CommuteEventTests;
			productName = CommuteEventTests;
			productReference = 0C7F50331BB4858B009EE477 /* CommuteEventTests.xctest */;
			productType = "com.apple.product-type.bundle.unit-test";
		};
/* End PBXNativeTarget section */

/* Begin PBXProject section */
		0C7F50161BB4858A009EE477 /* Project object */ = {
			isa = PBXProject;
			attributes = {
				LastUpgradeCheck = 0630;
				ORGANIZATIONNAME = "Alfredo Luco";
				TargetAttributes = {
					0C7F501D1BB4858A009EE477 = {
						CreatedOnToolsVersion = 6.3.1;
					};
					0C7F50321BB4858B009EE477 = {
						CreatedOnToolsVersion = 6.3.1;
						TestTargetID = 0C7F501D1BB4858A009EE477;
					};
				};
			};
			buildConfigurationList = 0C7F50191BB4858A009EE477 /* Build configuration list for PBXProject "CommuteEvent" */;
			compatibilityVersion = "Xcode 3.2";
			developmentRegion = English;
			hasScannedForEncodings = 0;
			knownRegions = (
				en,
				Base,
			);
			mainGroup = 0C7F50151BB4858A009EE477;
			productRefGroup = 0C7F501F1BB4858A009EE477 /* Products */;
			projectDirPath = "";
			projectRoot = "";
			targets = (
				0C7F501D1BB4858A009EE477 /* CommuteEvent */,
				0C7F50321BB4858B009EE477 /* CommuteEventTests */,
			);
		};
/* End PBXProject section */

/* Begin PBXResourcesBuildPhase section */
		0C7F501C1BB4858A009EE477 /* Resources */ = {
			isa = PBXResourcesBuildPhase;
			buildActionMask = 2147483647;
			files = (
				0C7F50291BB4858A009EE477 /* Main.storyboard in Resources */,
				0C7F502E1BB4858A009EE477 /* LaunchScreen.xib in Resources */,
				0C7F502B1BB4858A009EE477 /* Images.xcassets in Resources */,
			);
			runOnlyForDeploymentPostprocessing = 0;
		};
		0C7F50311BB4858B009EE477 /* Resources */ = {
			isa = PBXResourcesBuildPhase;
			buildActionMask = 2147483647;
			files = (
			);
			runOnlyForDeploymentPostprocessing = 0;
		};
/* End PBXResourcesBuildPhase section */

/* Begin PBXSourcesBuildPhase section */
		0C7F501A1BB4858A009EE477 /* Sources */ = {
			isa = PBXSourcesBuildPhase;
			buildActionMask = 2147483647;
			files = (
				0C7F50261BB4858A009EE477 /* ViewController.swift in Sources */,
				0C7F50241BB4858A009EE477 /* AppDelegate.swift in Sources */,
				0C7F50441BB48688009EE477 /* Usuario.swift in Sources */,
			);
			runOnlyForDeploymentPostprocessing = 0;
		};
		0C7F502F1BB4858B009EE477 /* Sources */ = {
			isa = PBXSourcesBuildPhase;
			buildActionMask = 2147483647;
			files = (
				0C7F503A1BB4858B009EE477 /* CommuteEventTests.swift in Sources */,
			);
			runOnlyForDeploymentPostprocessing = 0;
		};
/* End PBXSourcesBuildPhase section */

/* Begin PBXTargetDependency section */
		0C7F50351BB4858B009EE477 /* PBXTargetDependency */ = {
			isa = PBXTargetDependency;
			target = 0C7F501D1BB4858A009EE477 /* CommuteEvent */;
			targetProxy = 0C7F50341BB4858B009EE477 /* PBXContainerItemProxy */;
		};
/* End PBXTargetDependency section */

/* Begin PBXVariantGroup section */
		0C7F50271BB4858A009EE477 /* Main.storyboard */ = {
			isa = PBXVariantGroup;
			children = (
				0C7F50281BB4858A009EE477 /* Base */,
			);
			name = Main.storyboard;
			sourceTree = "<group>";
		};
		0C7F502C1BB4858A009EE477 /* LaunchScreen.xib */ = {
			isa = PBXVariantGroup;
			children = (
				0C7F502D1BB4858A009EE477 /* Base */,
			);
			name = LaunchScreen.xib;
			sourceTree = "<group>";
		};
/* End PBXVariantGroup section */

/* Begin XCBuildConfiguration section */
		0C7F503B1BB4858B009EE477 /* Debug */ = {
			isa = XCBuildConfiguration;
			buildSettings = {
				ALWAYS_SEARCH_USER_PATHS = NO;
				CLANG_CXX_LANGUAGE_STANDARD = "gnu++0x";
				CLANG_CXX_LIBRARY = "libc++";
				CLANG_ENABLE_MODULES = YES;
				CLANG_ENABLE_OBJC_ARC = YES;
				CLANG_WARN_BOOL_CONVERSION = YES;
				CLANG_WARN_CONSTANT_CONVERSION = YES;
				CLANG_WARN_DIRECT_OBJC_ISA_USAGE = YES_ERROR;
				CLANG_WARN_EMPTY_BODY = YES;
				CLANG_WARN_ENUM_CONVERSION = YES;
				CLANG_WARN_INT_CONVERSION = YES;
				CLANG_WARN_OBJC_ROOT_CLASS = YES_ERROR;
				CLANG_WARN_UNREACHABLE_CODE = YES;
				CLANG_WARN__DUPLICATE_METHOD_MATCH = YES;
				"CODE_SIGN_IDENTITY[sdk=iphoneos*]" = "iPhone Developer";
				COPY_PHASE_STRIP = NO;
				DEBUG_INFORMATION_FORMAT = "dwarf-with-dsym";
				ENABLE_STRICT_OBJC_MSGSEND = YES;
				GCC_C_LANGUAGE_STANDARD = gnu99;
				GCC_DYNAMIC_NO_PIC = NO;
				GCC_NO_COMMON_BLOCKS = YES;
				GCC_OPTIMIZATION_LEVEL = 0;
				GCC_PREPROCESSOR_DEFINITIONS = (
					"DEBUG=1",
					"$(inherited)",
				);
				GCC_SYMBOLS_PRIVATE_EXTERN = NO;
				GCC_WARN_64_TO_32_BIT_CONVERSION = YES;
				GCC_WARN_ABOUT_RETURN_TYPE = YES_ERROR;
				GCC_WARN_UNDECLARED_SELECTOR = YES;
				GCC_WARN_UNINITIALIZED_AUTOS = YES_AGGRESSIVE;
				GCC_WARN_UNUSED_FUNCTION = YES;
				GCC_WARN_UNUSED_VARIABLE = YES;
				IPHONEOS_DEPLOYMENT_TARGET = 8.3;
				MTL_ENABLE_DEBUG_INFO = YES;
				ONLY_ACTIVE_ARCH = YES;
				SDKROOT = iphoneos;
				SWIFT_OPTIMIZATION_LEVEL = "-Onone";
				TARGETED_DEVICE_FAMILY = "1,2";
			};
			name = Debug;
		};
		0C7F503C1BB4858B009EE477 /* Release */ = {
			isa = XCBuildConfiguration;
			buildSettings = {
				ALWAYS_SEARCH_USER_PATHS = NO;
				CLANG_CXX_LANGUAGE_STANDARD = "gnu++0x";
				CLANG_CXX_LIBRARY = "libc++";
				CLANG_ENABLE_MODULES = YES;
				CLANG_ENABLE_OBJC_ARC = YES;
				CLANG_WARN_BOOL_CONVERSION = YES;
				CLANG_WARN_CONSTANT_CONVERSION = YES;
				CLANG_WARN_DIRECT_OBJC_ISA_USAGE = YES_ERROR;
				CLANG_WARN_EMPTY_BODY = YES;
				CLANG_WARN_ENUM_CONVERSION = YES;
				CLANG_WARN_INT_CONVERSION = YES;
				CLANG_WARN_OBJC_ROOT_CLASS = YES_ERROR;
				CLANG_WARN_UNREACHABLE_CODE = YES;
				CLANG_WARN__DUPLICATE_METHOD_MATCH = YES;
				"CODE_SIGN_IDENTITY[sdk=iphoneos*]" = "iPhone Developer";
				COPY_PHASE_STRIP = NO;
				DEBUG_INFORMATION_FORMAT = "dwarf-with-dsym";
				ENABLE_NS_ASSERTIONS = NO;
				ENABLE_STRICT_OBJC_MSGSEND = YES;
				GCC_C_LANGUAGE_STANDARD = gnu99;
				GCC_NO_COMMON_BLOCKS = YES;
				GCC_WARN_64_TO_32_BIT_CONVERSION = YES;
				GCC_WARN_ABOUT_RETURN_TYPE = YES_ERROR;
				GCC_WARN_UNDECLARED_SELECTOR = YES;
				GCC_WARN_UNINITIALIZED_AUTOS = YES_AGGRESSIVE;
				GCC_WARN_UNUSED_FUNCTION = YES;
				GCC_WARN_UNUSED_VARIABLE = YES;
				IPHONEOS_DEPLOYMENT_TARGET = 8.3;
				MTL_ENABLE_DEBUG_INFO = NO;
				SDKROOT = iphoneos;
				TARGETED_DEVICE_FAMILY = "1,2";
				VALIDATE_PRODUCT = YES;
			};
			name = Release;
		};
		0C7F503E1BB4858B009EE477 /* Debug */ = {
			isa = XCBuildConfiguration;
			buildSettings = {
				ASSETCATALOG_COMPILER_APPICON_NAME = AppIcon;
				INFOPLIST_FILE = CommuteEvent/Info.plist;
				LD_RUNPATH_SEARCH_PATHS = "$(inherited) @executable_path/Frameworks";
				PRODUCT_NAME = "$(TARGET_NAME)";
			};
			name = Debug;
		};
		0C7F503F1BB4858B009EE477 /* Release */ = {
			isa = XCBuildConfiguration;
			buildSettings = {
				ASSETCATALOG_COMPILER_APPICON_NAME = AppIcon;
				INFOPLIST_FILE = CommuteEvent/Info.plist;
				LD_RUNPATH_SEARCH_PATHS = "$(inherited) @executable_path/Frameworks";
				PRODUCT_NAME = "$(TARGET_NAME)";
			};
			name = Release;
		};
		0C7F50411BB4858B009EE477 /* Debug */ = {
			isa = XCBuildConfiguration;
			buildSettings = {
				BUNDLE_LOADER = "$(TEST_HOST)";
				FRAMEWORK_SEARCH_PATHS = (
					"$(SDKROOT)/Developer/Library/Frameworks",
					"$(inherited)",
				);
				GCC_PREPROCESSOR_DEFINITIONS = (
					"DEBUG=1",
					"$(inherited)",
				);
				INFOPLIST_FILE = CommuteEventTests/Info.plist;
				LD_RUNPATH_SEARCH_PATHS = "$(inherited) @executable_path/Frameworks @loader_path/Frameworks";
				PRODUCT_NAME = "$(TARGET_NAME)";
				TEST_HOST = "$(BUILT_PRODUCTS_DIR)/CommuteEvent.app/CommuteEvent";
			};
			name = Debug;
		};
		0C7F50421BB4858B009EE477 /* Release */ = {
			isa = XCBuildConfiguration;
			buildSettings = {
				BUNDLE_LOADER = "$(TEST_HOST)";
				FRAMEWORK_SEARCH_PATHS = (
					"$(SDKROOT)/Developer/Library/Frameworks",
					"$(inherited)",
				);
				INFOPLIST_FILE = CommuteEventTests/Info.plist;
				LD_RUNPATH_SEARCH_PATHS = "$(inherited) @executable_path/Frameworks @loader_path/Frameworks";
				PRODUCT_NAME = "$(TARGET_NAME)";
				TEST_HOST = "$(BUILT_PRODUCTS_DIR)/CommuteEvent.app/CommuteEvent";
			};
			name = Release;
		};
/* End XCBuildConfiguration section */

/* Begin XCConfigurationList section */
		0C7F50191BB4858A009EE477 /* Build configuration list for PBXProject "CommuteEvent" */ = {
			isa = XCConfigurationList;
			buildConfigurations = (
				0C7F503B1BB4858B009EE477 /* Debug */,
				0C7F503C1BB4858B009EE477 /* Release */,
			);
			defaultConfigurationIsVisible = 0;
			defaultConfigurationName = Release;
		};
		0C7F503D1BB4858B009EE477 /* Build configuration list for PBXNativeTarget "CommuteEvent" */ = {
			isa = XCConfigurationList;
			buildConfigurations = (
				0C7F503E1BB4858B009EE477 /* Debug */,
				0C7F503F1BB4858B009EE477 /* Release */,
			);
			defaultConfigurationIsVisible = 0;
		};
		0C7F50401BB4858B009EE477 /* Build configuration list for PBXNativeTarget "CommuteEventTests" */ = {
			isa = XCConfigurationList;
			buildConfigurations = (
				0C7F50411BB4858B009EE477 /* Debug */,
				0C7F50421BB4858B009EE477 /* Release */,
			);
			defaultConfigurationIsVisible = 0;
		};
/* End XCConfigurationList section */
	};
	rootObject = 0C7F50161BB4858A009EE477 /* Project object */;
}
